
Microsoft Visual Studio Solution File, Format Version 12.00
# Visual Studio Version 16
VisualStudioVersion = 16.0.31205.134
MinimumVisualStudioVersion = 10.0.40219.1
Project("{FAE04EC0-301F-11D3-BF4B-00C04F79EFBC}") = "WeaponManager", "WeaponManager\WeaponManager.csproj", "{D5BCC55E-4B92-43EE-ABCE-2A022FD17ECE}"
EndProject
Global
	GlobalSection(SolutionConfigurationPlatforms) = preSolution
		Debug|Any CPU = Debug|Any CPU
		Release|Any CPU = Release|Any CPU
	EndGlobalSection
	GlobalSection(ProjectConfigurationPlatforms) = postSolution
		{D5BCC55E-4B92-43EE-ABCE-2A022FD17ECE}.Debug|Any CPU.ActiveCfg = Debug|Any CPU
		{D5BCC55E-4B92-43EE-ABCE-2A022FD17ECE}.Debug|Any CPU.Build.0 = Debug|Any CPU
		{D5BCC55E-4B92-43EE-ABCE-2A022FD17ECE}.Release|Any CPU.ActiveCfg = Release|Any CPU
		{D5BCC55E-4B92-43EE-ABCE-2A022FD17ECE}.Release|Any CPU.Build.0 = Release|Any CPU
	EndGlobalSection
	GlobalSection(SolutionProperties) = preSolution
		HideSolutionNode = FALSE
	EndGlobalSection
	GlobalSection(ExtensibilityGlobals) = postSolution
		SolutionGuid = {1ADD60F7-866D-4DB8-A040-0832A75BB81B}
	EndGlobalSection
EndGlobal
